
Microsoft Visual Studio Solution File, Format Version 12.00
# Visual Studio Version 17
VisualStudioVersion = 17.3.32929.385
MinimumVisualStudioVersion = 10.0.40219.1
Project("{9A19103F-16F7-4668-BE54-9A1E7A4F7556}") = "ITMO.AppCS.Lab01.Task1", "ITMO.AppCS.Lab01.Task1\ITMO.AppCS.Lab01.Task1.csproj", "{7BD9A7CB-7BFE-4D97-B7BD-B193C9E2262A}"
EndProject
Project("{9A19103F-16F7-4668-BE54-9A1E7A4F7556}") = "ITMO.AppCS.Lab01.Task2.Task3", "ITMO.AppCS.Lab01.Task2\ITMO.AppCS.Lab01.Task2.Task3.csproj", "{6F1C052C-F226-4E0F-8960-6CFA82BF7CC7}"
EndProject
Project("{9A19103F-16F7-4668-BE54-9A1E7A4F7556}") = "ITMO.AppCS.Lab01.MdiApplication", "ITMO.AppCS.Lab01.MdiApplication\ITMO.AppCS.Lab01.MdiApplication.csproj", "{19D1FAE8-7279-465E-8661-8032840C5FA0}"
EndProject
Project("{9A19103F-16F7-4668-BE54-9A1E7A4F7556}") = "ITMO.AppCS.Lab01.Task5.Ex1", "ITMO.AppCS.Lab01.Task5\ITMO.AppCS.Lab01.Task5.Ex1.csproj", "{8D278519-3756-4B63-93CC-4DC618922188}"
EndProject
Project("{9A19103F-16F7-4668-BE54-9A1E7A4F7556}") = "ITMO.AppCS.Lab01.Task5.Ex2", "ITMO.AppCS.Lab01.Task5.Ex2\ITMO.AppCS.Lab01.Task5.Ex2.csproj", "{C9F104D2-6BC8-4C07-B21A-F6039CF47951}"
EndProject
Project("{9A19103F-16F7-4668-BE54-9A1E7A4F7556}") = "ITMO.AppCS.Lab01.Task5.Ex3", "ITMO.AppCS.Lab01.Task5.Ex3\ITMO.AppCS.Lab01.Task5.Ex3.csproj", "{B2C21CF8-A21D-4C55-8AD1-3E79EEE0D6BE}"
EndProject
Project("{9A19103F-16F7-4668-BE54-9A1E7A4F7556}") = "ITMO.AppCS.Lab02.Task1", "ITMO.AppCS.Lab02.Task1\ITMO.AppCS.Lab02.Task1.csproj", "{C38A2DB1-354D-4982-885E-0D7D786054B9}"
EndProject
Project("{9A19103F-16F7-4668-BE54-9A1E7A4F7556}") = "ITMO.AppCS.Lab02.Task2", "ITMO.AppCS.Lab02.Task2\ITMO.AppCS.Lab02.Task2.csproj", "{B361DC62-62A8-4003-9499-1168C55F7D13}"
EndProject
Project("{9A19103F-16F7-4668-BE54-9A1E7A4F7556}") = "ITMO.AppCS.Lab02.Task5", "ITMO.AppCS.Lab02.Task5\ITMO.AppCS.Lab02.Task5.csproj", "{4246802D-3DE3-44D8-87A8-17F38793B9BE}"
EndProject
Project("{9A19103F-16F7-4668-BE54-9A1E7A4F7556}") = "ITMO.AppCS.Lab02.Task6(Task9)", "ITMO.AppCS.Lab02.Task6(Task9)\ITMO.AppCS.Lab02.Task6(Task9).csproj", "{05B3279D-DFD8-45E3-89CE-D1A9D1C9F829}"
EndProject
Project("{9A19103F-16F7-4668-BE54-9A1E7A4F7556}") = "ITMO.AppCS.Lab02.Task7.Task8", "ITMO.AppCS.Lab02.Task7\ITMO.AppCS.Lab02.Task7.Task8.csproj", "{3DEC4E1B-06BB-4D30-86CC-1DE084EE45AF}"
EndProject
Project("{9A19103F-16F7-4668-BE54-9A1E7A4F7556}") = "ITMO.AppCS.Lab03.Task1", "ITMO.AppCS.Lab03.Task1\ITMO.AppCS.Lab03.Task1.csproj", "{35FD6E06-2C6C-4A1A-BB59-D39827A74123}"
EndProject
Project("{FAE04EC0-301F-11D3-BF4B-00C04F79EFBC}") = "WindowsFormsControlLibrary1", "WindowsFormsControlLibrary1\WindowsFormsControlLibrary1.csproj", "{69313A3C-17DD-438C-89A1-8563D3F594F3}"
EndProject
Project("{9A19103F-16F7-4668-BE54-9A1E7A4F7556}") = "ITMO.AppCS.Lab03.Task2", "ITMO.AppCS.Lab03.Task2\ITMO.AppCS.Lab03.Task2.csproj", "{61DC0135-79CD-44CE-816A-82B3BBCD5BE1}"
EndProject
Project("{9A19103F-16F7-4668-BE54-9A1E7A4F7556}") = "ITMO.AppCS.Lab03.Task3", "ITMO.AppCS.Lab03.Task3\ITMO.AppCS.Lab03.Task3.csproj", "{D248E36D-DE2E-45E9-AA89-B07996BCEA7B}"
EndProject
Project("{9A19103F-16F7-4668-BE54-9A1E7A4F7556}") = "ITMO.AppCS.Lab03.Task4", "ITMO.AppCS.Lab03.Task4\ITMO.AppCS.Lab03.Task4.csproj", "{7D5C004B-FBF3-43D0-8B7D-A8CF56506E1F}"
EndProject
Project("{FAE04EC0-301F-11D3-BF4B-00C04F79EFBC}") = "ITMO.AppCS.Lab04.Task1", "ITMO.AppCS.Lab04.Task1\ITMO.AppCS.Lab04.Task1.csproj", "{14D541A2-F97F-452B-A56B-F7FE3651FF12}"
EndProject
Project("{FAE04EC0-301F-11D3-BF4B-00C04F79EFBC}") = "ITMO.AppCS.Lab04.Task2.Task3.Lab08.Task1", "ITMO.AppCS.Lab04.Task2\ITMO.AppCS.Lab04.Task2.Task3.Lab08.Task1.csproj", "{E1CF1E91-7872-46A3-B6C5-41EBCC65EC33}"
EndProject
Project("{FAE04EC0-301F-11D3-BF4B-00C04F79EFBC}") = "ITMO.AppCS.Lab04.Task4", "ITMO.AppCS.Lab04.Task4\ITMO.AppCS.Lab04.Task4.csproj", "{C3AE1ACD-EB32-4BBE-B323-BB2163606332}"
EndProject
Project("{FAE04EC0-301F-11D3-BF4B-00C04F79EFBC}") = "ITMO.AppCS.Lab04.Task5", "ITMO.AppCS.Lab04.Task5\ITMO.AppCS.Lab04.Task5.csproj", "{5A12C7F2-113A-4DA1-BA6F-BA938FC75BDF}"
EndProject
Project("{FAE04EC0-301F-11D3-BF4B-00C04F79EFBC}") = "ITMO.AppCS.Lab06.Task1", "ITMO.AppCS.Lab06.Task1\ITMO.AppCS.Lab06.Task1.csproj", "{5598BF1F-3901-418B-A4F3-F14D2736A434}"
EndProject
Project("{FAE04EC0-301F-11D3-BF4B-00C04F79EFBC}") = "ITMO.AppCS.Lab06.Task2", "ITMO.AppCS.Lab06.Task2\ITMO.AppCS.Lab06.Task2.csproj", "{BEB781B0-89DF-4772-BFCA-6BD6ED9AAF19}"
EndProject
Project("{FAE04EC0-301F-11D3-BF4B-00C04F79EFBC}") = "ITMO.AppCS.Lab06.Task3", "ITMO.AppCS.Lab06.Task3\ITMO.AppCS.Lab06.Task3.csproj", "{B34A7420-A18B-4D72-8942-402F0F4E4FC8}"
EndProject
Global
	GlobalSection(SolutionConfigurationPlatforms) = preSolution
		Debug|Any CPU = Debug|Any CPU
		Release|Any CPU = Release|Any CPU
	EndGlobalSection
	GlobalSection(ProjectConfigurationPlatforms) = postSolution
		{7BD9A7CB-7BFE-4D97-B7BD-B193C9E2262A}.Debug|Any CPU.ActiveCfg = Debug|Any CPU
		{7BD9A7CB-7BFE-4D97-B7BD-B193C9E2262A}.Debug|Any CPU.Build.0 = Debug|Any CPU
		{7BD9A7CB-7BFE-4D97-B7BD-B193C9E2262A}.Release|Any CPU.ActiveCfg = Release|Any CPU
		{7BD9A7CB-7BFE-4D97-B7BD-B193C9E2262A}.Release|Any CPU.Build.0 = Release|Any CPU
		{6F1C052C-F226-4E0F-8960-6CFA82BF7CC7}.Debug|Any CPU.ActiveCfg = Debug|Any CPU
		{6F1C052C-F226-4E0F-8960-6CFA82BF7CC7}.Debug|Any CPU.Build.0 = Debug|Any CPU
		{6F1C052C-F226-4E0F-8960-6CFA82BF7CC7}.Release|Any CPU.ActiveCfg = Release|Any CPU
		{6F1C052C-F226-4E0F-8960-6CFA82BF7CC7}.Release|Any CPU.Build.0 = Release|Any CPU
		{19D1FAE8-7279-465E-8661-8032840C5FA0}.Debug|Any CPU.ActiveCfg = Debug|Any CPU
		{19D1FAE8-7279-465E-8661-8032840C5FA0}.Debug|Any CPU.Build.0 = Debug|Any CPU
		{19D1FAE8-7279-465E-8661-8032840C5FA0}.Release|Any CPU.ActiveCfg = Release|Any CPU
		{19D1FAE8-7279-465E-8661-8032840C5FA0}.Release|Any CPU.Build.0 = Release|Any CPU
		{8D278519-3756-4B63-93CC-4DC618922188}.Debug|Any CPU.ActiveCfg = Debug|Any CPU
		{8D278519-3756-4B63-93CC-4DC618922188}.Debug|Any CPU.Build.0 = Debug|Any CPU
		{8D278519-3756-4B63-93CC-4DC618922188}.Release|Any CPU.ActiveCfg = Release|Any CPU
		{8D278519-3756-4B63-93CC-4DC618922188}.Release|Any CPU.Build.0 = Release|Any CPU
		{C9F104D2-6BC8-4C07-B21A-F6039CF47951}.Debug|Any CPU.ActiveCfg = Debug|Any CPU
		{C9F104D2-6BC8-4C07-B21A-F6039CF47951}.Debug|Any CPU.Build.0 = Debug|Any CPU
		{C9F104D2-6BC8-4C07-B21A-F6039CF47951}.Release|Any CPU.ActiveCfg = Release|Any CPU
		{C9F104D2-6BC8-4C07-B21A-F6039CF47951}.Release|Any CPU.Build.0 = Release|Any CPU
		{B2C21CF8-A21D-4C55-8AD1-3E79EEE0D6BE}.Debug|Any CPU.ActiveCfg = Debug|Any CPU
		{B2C21CF8-A21D-4C55-8AD1-3E79EEE0D6BE}.Debug|Any CPU.Build.0 = Debug|Any CPU
		{B2C21CF8-A21D-4C55-8AD1-3E79EEE0D6BE}.Release|Any CPU.ActiveCfg = Release|Any CPU
		{B2C21CF8-A21D-4C55-8AD1-3E79EEE0D6BE}.Release|Any CPU.Build.0 = Release|Any CPU
		{C38A2DB1-354D-4982-885E-0D7D786054B9}.Debug|Any CPU.ActiveCfg = Debug|Any CPU
		{C38A2DB1-354D-4982-885E-0D7D786054B9}.Debug|Any CPU.Build.0 = Debug|Any CPU
		{C38A2DB1-354D-4982-885E-0D7D786054B9}.Release|Any CPU.ActiveCfg = Release|Any CPU
		{C38A2DB1-354D-4982-885E-0D7D786054B9}.Release|Any CPU.Build.0 = Release|Any CPU
		{B361DC62-62A8-4003-9499-1168C55F7D13}.Debug|Any CPU.ActiveCfg = Debug|Any CPU
		{B361DC62-62A8-4003-9499-1168C55F7D13}.Debug|Any CPU.Build.0 = Debug|Any CPU
		{B361DC62-62A8-4003-9499-1168C55F7D13}.Release|Any CPU.ActiveCfg = Release|Any CPU
		{B361DC62-62A8-4003-9499-1168C55F7D13}.Release|Any CPU.Build.0 = Release|Any CPU
		{4246802D-3DE3-44D8-87A8-17F38793B9BE}.Debug|Any CPU.ActiveCfg = Debug|Any CPU
		{4246802D-3DE3-44D8-87A8-17F38793B9BE}.Debug|Any CPU.Build.0 = Debug|Any CPU
		{4246802D-3DE3-44D8-87A8-17F38793B9BE}.Release|Any CPU.ActiveCfg = Release|Any CPU
		{4246802D-3DE3-44D8-87A8-17F38793B9BE}.Release|Any CPU.Build.0 = Release|Any CPU
		{05B3279D-DFD8-45E3-89CE-D1A9D1C9F829}.Debug|Any CPU.ActiveCfg = Debug|Any CPU
		{05B3279D-DFD8-45E3-89CE-D1A9D1C9F829}.Debug|Any CPU.Build.0 = Debug|Any CPU
		{05B3279D-DFD8-45E3-89CE-D1A9D1C9F829}.Release|Any CPU.ActiveCfg = Release|Any CPU
		{05B3279D-DFD8-45E3-89CE-D1A9D1C9F829}.Release|Any CPU.Build.0 = Release|Any CPU
		{3DEC4E1B-06BB-4D30-86CC-1DE084EE45AF}.Debug|Any CPU.ActiveCfg = Debug|Any CPU
		{3DEC4E1B-06BB-4D30-86CC-1DE084EE45AF}.Debug|Any CPU.Build.0 = Debug|Any CPU
		{3DEC4E1B-06BB-4D30-86CC-1DE084EE45AF}.Release|Any CPU.ActiveCfg = Release|Any CPU
		{3DEC4E1B-06BB-4D30-86CC-1DE084EE45AF}.Release|Any CPU.Build.0 = Release|Any CPU
		{35FD6E06-2C6C-4A1A-BB59-D39827A74123}.Debug|Any CPU.ActiveCfg = Debug|Any CPU
		{35FD6E06-2C6C-4A1A-BB59-D39827A74123}.Debug|Any CPU.Build.0 = Debug|Any CPU
		{35FD6E06-2C6C-4A1A-BB59-D39827A74123}.Release|Any CPU.ActiveCfg = Release|Any CPU
		{35FD6E06-2C6C-4A1A-BB59-D39827A74123}.Release|Any CPU.Build.0 = Release|Any CPU
		{69313A3C-17DD-438C-89A1-8563D3F594F3}.Debug|Any CPU.ActiveCfg = Debug|Any CPU
		{69313A3C-17DD-438C-89A1-8563D3F594F3}.Debug|Any CPU.Build.0 = Debug|Any CPU
		{69313A3C-17DD-438C-89A1-8563D3F594F3}.Release|Any CPU.ActiveCfg = Release|Any CPU
		{69313A3C-17DD-438C-89A1-8563D3F594F3}.Release|Any CPU.Build.0 = Release|Any CPU
		{61DC0135-79CD-44CE-816A-82B3BBCD5BE1}.Debug|Any CPU.ActiveCfg = Debug|Any CPU
		{61DC0135-79CD-44CE-816A-82B3BBCD5BE1}.Debug|Any CPU.Build.0 = Debug|Any CPU
		{61DC0135-79CD-44CE-816A-82B3BBCD5BE1}.Release|Any CPU.ActiveCfg = Release|Any CPU
		{61DC0135-79CD-44CE-816A-82B3BBCD5BE1}.Release|Any CPU.Build.0 = Release|Any CPU
		{D248E36D-DE2E-45E9-AA89-B07996BCEA7B}.Debug|Any CPU.ActiveCfg = Debug|Any CPU
		{D248E36D-DE2E-45E9-AA89-B07996BCEA7B}.Debug|Any CPU.Build.0 = Debug|Any CPU
		{D248E36D-DE2E-45E9-AA89-B07996BCEA7B}.Release|Any CPU.ActiveCfg = Release|Any CPU
		{D248E36D-DE2E-45E9-AA89-B07996BCEA7B}.Release|Any CPU.Build.0 = Release|Any CPU
		{7D5C004B-FBF3-43D0-8B7D-A8CF56506E1F}.Debug|Any CPU.ActiveCfg = Debug|Any CPU
		{7D5C004B-FBF3-43D0-8B7D-A8CF56506E1F}.Debug|Any CPU.Build.0 = Debug|Any CPU
		{7D5C004B-FBF3-43D0-8B7D-A8CF56506E1F}.Release|Any CPU.ActiveCfg = Release|Any CPU
		{7D5C004B-FBF3-43D0-8B7D-A8CF56506E1F}.Release|Any CPU.Build.0 = Release|Any CPU
		{14D541A2-F97F-452B-A56B-F7FE3651FF12}.Debug|Any CPU.ActiveCfg = Debug|Any CPU
		{14D541A2-F97F-452B-A56B-F7FE3651FF12}.Debug|Any CPU.Build.0 = Debug|Any CPU
		{14D541A2-F97F-452B-A56B-F7FE3651FF12}.Release|Any CPU.ActiveCfg = Release|Any CPU
		{14D541A2-F97F-452B-A56B-F7FE3651FF12}.Release|Any CPU.Build.0 = Release|Any CPU
		{E1CF1E91-7872-46A3-B6C5-41EBCC65EC33}.Debug|Any CPU.ActiveCfg = Debug|Any CPU
		{E1CF1E91-7872-46A3-B6C5-41EBCC65EC33}.Debug|Any CPU.Build.0 = Debug|Any CPU
		{E1CF1E91-7872-46A3-B6C5-41EBCC65EC33}.Release|Any CPU.ActiveCfg = Release|Any CPU
		{E1CF1E91-7872-46A3-B6C5-41EBCC65EC33}.Release|Any CPU.Build.0 = Release|Any CPU
		{C3AE1ACD-EB32-4BBE-B323-BB2163606332}.Debug|Any CPU.ActiveCfg = Debug|Any CPU
		{C3AE1ACD-EB32-4BBE-B323-BB2163606332}.Debug|Any CPU.Build.0 = Debug|Any CPU
		{C3AE1ACD-EB32-4BBE-B323-BB2163606332}.Release|Any CPU.ActiveCfg = Release|Any CPU
		{C3AE1ACD-EB32-4BBE-B323-BB2163606332}.Release|Any CPU.Build.0 = Release|Any CPU
		{5A12C7F2-113A-4DA1-BA6F-BA938FC75BDF}.Debug|Any CPU.ActiveCfg = Debug|Any CPU
		{5A12C7F2-113A-4DA1-BA6F-BA938FC75BDF}.Debug|Any CPU.Build.0 = Debug|Any CPU
		{5A12C7F2-113A-4DA1-BA6F-BA938FC75BDF}.Release|Any CPU.ActiveCfg = Release|Any CPU
		{5A12C7F2-113A-4DA1-BA6F-BA938FC75BDF}.Release|Any CPU.Build.0 = Release|Any CPU
		{5598BF1F-3901-418B-A4F3-F14D2736A434}.Debug|Any CPU.ActiveCfg = Debug|Any CPU
		{5598BF1F-3901-418B-A4F3-F14D2736A434}.Debug|Any CPU.Build.0 = Debug|Any CPU
		{5598BF1F-3901-418B-A4F3-F14D2736A434}.Release|Any CPU.ActiveCfg = Release|Any CPU
		{5598BF1F-3901-418B-A4F3-F14D2736A434}.Release|Any CPU.Build.0 = Release|Any CPU
		{BEB781B0-89DF-4772-BFCA-6BD6ED9AAF19}.Debug|Any CPU.ActiveCfg = Debug|Any CPU
		{BEB781B0-89DF-4772-BFCA-6BD6ED9AAF19}.Debug|Any CPU.Build.0 = Debug|Any CPU
		{BEB781B0-89DF-4772-BFCA-6BD6ED9AAF19}.Release|Any CPU.ActiveCfg = Release|Any CPU
		{BEB781B0-89DF-4772-BFCA-6BD6ED9AAF19}.Release|Any CPU.Build.0 = Release|Any CPU
		{B34A7420-A18B-4D72-8942-402F0F4E4FC8}.Debug|Any CPU.ActiveCfg = Debug|Any CPU
		{B34A7420-A18B-4D72-8942-402F0F4E4FC8}.Debug|Any CPU.Build.0 = Debug|Any CPU
		{B34A7420-A18B-4D72-8942-402F0F4E4FC8}.Release|Any CPU.ActiveCfg = Release|Any CPU
		{B34A7420-A18B-4D72-8942-402F0F4E4FC8}.Release|Any CPU.Build.0 = Release|Any CPU
	EndGlobalSection
	GlobalSection(SolutionProperties) = preSolution
		HideSolutionNode = FALSE
	EndGlobalSection
	GlobalSection(ExtensibilityGlobals) = postSolution
		SolutionGuid = {6C6097BC-6D23-4E61-B45B-A603BF8B7F29}
	EndGlobalSection
EndGlobal
